
Microsoft Visual Studio Solution File, Format Version 12.00
# Visual Studio Version 16
VisualStudioVersion = 16.0.30011.22
MinimumVisualStudioVersion = 10.0.40219.1
Project("{FAE04EC0-301F-11D3-BF4B-00C04F79EFBC}") = "Todo.API", "Todo.API.csproj", "{3078E1C4-658F-4A79-A6BB-CC25B82FD6EF}"
EndProject
Global
	GlobalSection(SolutionConfigurationPlatforms) = preSolution
		Debug|Any CPU = Debug|Any CPU
		Release|Any CPU = Release|Any CPU
	EndGlobalSection
	GlobalSection(ProjectConfigurationPlatforms) = postSolution
		{3078E1C4-658F-4A79-A6BB-CC25B82FD6EF}.Debug|Any CPU.ActiveCfg = Debug|Any CPU
		{3078E1C4-658F-4A79-A6BB-CC25B82FD6EF}.Debug|Any CPU.Build.0 = Debug|Any CPU
		{3078E1C4-658F-4A79-A6BB-CC25B82FD6EF}.Release|Any CPU.ActiveCfg = Release|Any CPU
		{3078E1C4-658F-4A79-A6BB-CC25B82FD6EF}.Release|Any CPU.Build.0 = Release|Any CPU
	EndGlobalSection
	GlobalSection(SolutionProperties) = preSolution
		HideSolutionNode = FALSE
	EndGlobalSection
	GlobalSection(ExtensibilityGlobals) = postSolution
		SolutionGuid = {F27E5DA6-901F-41C4-8477-39FE8C85F836}
	EndGlobalSection
EndGlobal
